// !$*UTF8*$!
{
	archiveVersion = 1;
	classes = {
	};
	objectVersion = 50;
	objects = {

/* Begin PBXBuildFile section */
		040174EE2305BB83001528AD /* ShowAllViewController.swift in Sources */ = {isa = PBXBuildFile; fileRef = 040174ED2305BB83001528AD /* ShowAllViewController.swift */; };
		040174F02305BB8E001528AD /* ShowAllInteractor.swift in Sources */ = {isa = PBXBuildFile; fileRef = 040174EF2305BB8E001528AD /* ShowAllInteractor.swift */; };
		040174F22305BB95001528AD /* ShowAllPresenter.swift in Sources */ = {isa = PBXBuildFile; fileRef = 040174F12305BB95001528AD /* ShowAllPresenter.swift */; };
		040174F42305BB9F001528AD /* ShowAllModels.swift in Sources */ = {isa = PBXBuildFile; fileRef = 040174F32305BB9F001528AD /* ShowAllModels.swift */; };
		040174F62305BBA6001528AD /* ShowAllWorker.swift in Sources */ = {isa = PBXBuildFile; fileRef = 040174F52305BBA6001528AD /* ShowAllWorker.swift */; };
		040174F82305BBAD001528AD /* ShowAllRouter.swift in Sources */ = {isa = PBXBuildFile; fileRef = 040174F72305BBAD001528AD /* ShowAllRouter.swift */; };
		04043B8D23059F5200B19234 /* AppDelegate.swift in Sources */ = {isa = PBXBuildFile; fileRef = 04043B8C23059F5200B19234 /* AppDelegate.swift */; };
		04043B8F23059F5200B19234 /* ViewController.swift in Sources */ = {isa = PBXBuildFile; fileRef = 04043B8E23059F5200B19234 /* ViewController.swift */; };
		04043B9223059F5200B19234 /* Main.storyboard in Resources */ = {isa = PBXBuildFile; fileRef = 04043B9023059F5200B19234 /* Main.storyboard */; };
		04043B9423059F5300B19234 /* Assets.xcassets in Resources */ = {isa = PBXBuildFile; fileRef = 04043B9323059F5300B19234 /* Assets.xcassets */; };
		04043B9723059F5300B19234 /* LaunchScreen.storyboard in Resources */ = {isa = PBXBuildFile; fileRef = 04043B9523059F5300B19234 /* LaunchScreen.storyboard */; };
		04043BA223059F5300B19234 /* TheMovieDBTests.swift in Sources */ = {isa = PBXBuildFile; fileRef = 04043BA123059F5300B19234 /* TheMovieDBTests.swift */; };
		0446E4CD230715F100A839F5 /* JSONDecoder.swift in Sources */ = {isa = PBXBuildFile; fileRef = 0446E4CC230715F100A839F5 /* JSONDecoder.swift */; };
		0446E4CF23072BC100A839F5 /* ListPopularMoviesWorker.swift in Sources */ = {isa = PBXBuildFile; fileRef = 0446E4CE23072BC100A839F5 /* ListPopularMoviesWorker.swift */; };
		0446E4D123072BFB00A839F5 /* ListNowPlayingWorker.swift in Sources */ = {isa = PBXBuildFile; fileRef = 0446E4D023072BFB00A839F5 /* ListNowPlayingWorker.swift */; };
		047DCA73230C771200AC614F /* HeaderCell.swift in Sources */ = {isa = PBXBuildFile; fileRef = 047DCA72230C771200AC614F /* HeaderCell.swift */; };
		047DCA75230C77DA00AC614F /* OverviewCell.swift in Sources */ = {isa = PBXBuildFile; fileRef = 047DCA74230C77DA00AC614F /* OverviewCell.swift */; };
		047DCA77230C7EF300AC614F /* OverviewTitleCell.swift in Sources */ = {isa = PBXBuildFile; fileRef = 047DCA76230C7EF300AC614F /* OverviewTitleCell.swift */; };
		047DCA79230CB9D600AC614F /* EmptyCell.swift in Sources */ = {isa = PBXBuildFile; fileRef = 047DCA78230CB9D600AC614F /* EmptyCell.swift */; };
		04B27FB32305A59C002CBCB4 /* ListViewController.swift in Sources */ = {isa = PBXBuildFile; fileRef = 04B27FB22305A59C002CBCB4 /* ListViewController.swift */; };
		04B27FB52305A5B0002CBCB4 /* ListInteractor.swift in Sources */ = {isa = PBXBuildFile; fileRef = 04B27FB42305A5B0002CBCB4 /* ListInteractor.swift */; };
		04B27FB72305A5BD002CBCB4 /* ListPresenter.swift in Sources */ = {isa = PBXBuildFile; fileRef = 04B27FB62305A5BD002CBCB4 /* ListPresenter.swift */; };
		04B27FB92305A5C6002CBCB4 /* ListModels.swift in Sources */ = {isa = PBXBuildFile; fileRef = 04B27FB82305A5C6002CBCB4 /* ListModels.swift */; };
		04B27FBB2305A5D5002CBCB4 /* ListWorker.swift in Sources */ = {isa = PBXBuildFile; fileRef = 04B27FBA2305A5D5002CBCB4 /* ListWorker.swift */; };
		04B27FBD2305A5E0002CBCB4 /* ListRouter.swift in Sources */ = {isa = PBXBuildFile; fileRef = 04B27FBC2305A5E0002CBCB4 /* ListRouter.swift */; };
		04B27FC02305A636002CBCB4 /* MovieDetailViewController.swift in Sources */ = {isa = PBXBuildFile; fileRef = 04B27FBF2305A636002CBCB4 /* MovieDetailViewController.swift */; };
		04B27FC22305A649002CBCB4 /* MovieDetailInteractor.swift in Sources */ = {isa = PBXBuildFile; fileRef = 04B27FC12305A649002CBCB4 /* MovieDetailInteractor.swift */; };
		04B27FC42305A654002CBCB4 /* MovieDetailPresenter.swift in Sources */ = {isa = PBXBuildFile; fileRef = 04B27FC32305A654002CBCB4 /* MovieDetailPresenter.swift */; };
		04B27FC62305A65C002CBCB4 /* MovieDetailModels.swift in Sources */ = {isa = PBXBuildFile; fileRef = 04B27FC52305A65C002CBCB4 /* MovieDetailModels.swift */; };
		04B27FC82305A66E002CBCB4 /* MovieDetailWorker.swift in Sources */ = {isa = PBXBuildFile; fileRef = 04B27FC72305A66E002CBCB4 /* MovieDetailWorker.swift */; };
		04B27FCA2305A678002CBCB4 /* MovieDetailRouter.swift in Sources */ = {isa = PBXBuildFile; fileRef = 04B27FC92305A678002CBCB4 /* MovieDetailRouter.swift */; };
		8020EFB8230C3AA800F749CD /* NowPlayingCollectionView.swift in Sources */ = {isa = PBXBuildFile; fileRef = 8020EFB7230C3AA800F749CD /* NowPlayingCollectionView.swift */; };
		802D388C230C460E0042B7E1 /* MoviesTableViewCellTypes.swift in Sources */ = {isa = PBXBuildFile; fileRef = 802D388B230C460E0042B7E1 /* MoviesTableViewCellTypes.swift */; };
		802D388E230C80F80042B7E1 /* CollectionViewCell.swift in Sources */ = {isa = PBXBuildFile; fileRef = 802D388D230C80F80042B7E1 /* CollectionViewCell.swift */; };
		80B78514230C404D005842A1 /* NowPlayingTextCell.swift in Sources */ = {isa = PBXBuildFile; fileRef = 80B78513230C404D005842A1 /* NowPlayingTextCell.swift */; };
		80B78516230C407C005842A1 /* SeparatorCell.swift in Sources */ = {isa = PBXBuildFile; fileRef = 80B78515230C407C005842A1 /* SeparatorCell.swift */; };
		80B78518230C4089005842A1 /* PopularMovieCell.swift in Sources */ = {isa = PBXBuildFile; fileRef = 80B78517230C4089005842A1 /* PopularMovieCell.swift */; };
		80B7851A230C40CB005842A1 /* PopularMovieTextCell.swift in Sources */ = {isa = PBXBuildFile; fileRef = 80B78519230C40CB005842A1 /* PopularMovieTextCell.swift */; };
/* End PBXBuildFile section */

/* Begin PBXContainerItemProxy section */
		04043B9E23059F5300B19234 /* PBXContainerItemProxy */ = {
			isa = PBXContainerItemProxy;
			containerPortal = 04043B8123059F5200B19234 /* Project object */;
			proxyType = 1;
			remoteGlobalIDString = 04043B8823059F5200B19234;
			remoteInfo = TheMovieDB;
		};
/* End PBXContainerItemProxy section */

/* Begin PBXFileReference section */
		040174ED2305BB83001528AD /* ShowAllViewController.swift */ = {isa = PBXFileReference; lastKnownFileType = sourcecode.swift; path = ShowAllViewController.swift; sourceTree = "<group>"; };
		040174EF2305BB8E001528AD /* ShowAllInteractor.swift */ = {isa = PBXFileReference; lastKnownFileType = sourcecode.swift; path = ShowAllInteractor.swift; sourceTree = "<group>"; };
		040174F12305BB95001528AD /* ShowAllPresenter.swift */ = {isa = PBXFileReference; lastKnownFileType = sourcecode.swift; path = ShowAllPresenter.swift; sourceTree = "<group>"; };
		040174F32305BB9F001528AD /* ShowAllModels.swift */ = {isa = PBXFileReference; lastKnownFileType = sourcecode.swift; path = ShowAllModels.swift; sourceTree = "<group>"; };
		040174F52305BBA6001528AD /* ShowAllWorker.swift */ = {isa = PBXFileReference; lastKnownFileType = sourcecode.swift; path = ShowAllWorker.swift; sourceTree = "<group>"; };
		040174F72305BBAD001528AD /* ShowAllRouter.swift */ = {isa = PBXFileReference; lastKnownFileType = sourcecode.swift; path = ShowAllRouter.swift; sourceTree = "<group>"; };
		04043B8923059F5200B19234 /* TheMovieDB.app */ = {isa = PBXFileReference; explicitFileType = wrapper.application; includeInIndex = 0; path = TheMovieDB.app; sourceTree = BUILT_PRODUCTS_DIR; };
		04043B8C23059F5200B19234 /* AppDelegate.swift */ = {isa = PBXFileReference; lastKnownFileType = sourcecode.swift; path = AppDelegate.swift; sourceTree = "<group>"; };
		04043B8E23059F5200B19234 /* ViewController.swift */ = {isa = PBXFileReference; lastKnownFileType = sourcecode.swift; path = ViewController.swift; sourceTree = "<group>"; };
		04043B9123059F5200B19234 /* Base */ = {isa = PBXFileReference; lastKnownFileType = file.storyboard; name = Base; path = Base.lproj/Main.storyboard; sourceTree = "<group>"; };
		04043B9323059F5300B19234 /* Assets.xcassets */ = {isa = PBXFileReference; lastKnownFileType = folder.assetcatalog; path = Assets.xcassets; sourceTree = "<group>"; };
		04043B9623059F5300B19234 /* Base */ = {isa = PBXFileReference; lastKnownFileType = file.storyboard; name = Base; path = Base.lproj/LaunchScreen.storyboard; sourceTree = "<group>"; };
		04043B9823059F5300B19234 /* Info.plist */ = {isa = PBXFileReference; lastKnownFileType = text.plist.xml; path = Info.plist; sourceTree = "<group>"; };
		04043B9D23059F5300B19234 /* TheMovieDBTests.xctest */ = {isa = PBXFileReference; explicitFileType = wrapper.cfbundle; includeInIndex = 0; path = TheMovieDBTests.xctest; sourceTree = BUILT_PRODUCTS_DIR; };
		04043BA123059F5300B19234 /* TheMovieDBTests.swift */ = {isa = PBXFileReference; lastKnownFileType = sourcecode.swift; path = TheMovieDBTests.swift; sourceTree = "<group>"; };
		04043BA323059F5300B19234 /* Info.plist */ = {isa = PBXFileReference; lastKnownFileType = text.plist.xml; path = Info.plist; sourceTree = "<group>"; };
		0446E4CC230715F100A839F5 /* JSONDecoder.swift */ = {isa = PBXFileReference; lastKnownFileType = sourcecode.swift; path = JSONDecoder.swift; sourceTree = "<group>"; };
		0446E4CE23072BC100A839F5 /* ListPopularMoviesWorker.swift */ = {isa = PBXFileReference; lastKnownFileType = sourcecode.swift; path = ListPopularMoviesWorker.swift; sourceTree = "<group>"; };
		0446E4D023072BFB00A839F5 /* ListNowPlayingWorker.swift */ = {isa = PBXFileReference; lastKnownFileType = sourcecode.swift; path = ListNowPlayingWorker.swift; sourceTree = "<group>"; };
		047DCA72230C771200AC614F /* HeaderCell.swift */ = {isa = PBXFileReference; lastKnownFileType = sourcecode.swift; path = HeaderCell.swift; sourceTree = "<group>"; };
		047DCA74230C77DA00AC614F /* OverviewCell.swift */ = {isa = PBXFileReference; lastKnownFileType = sourcecode.swift; path = OverviewCell.swift; sourceTree = "<group>"; };
		047DCA76230C7EF300AC614F /* OverviewTitleCell.swift */ = {isa = PBXFileReference; lastKnownFileType = sourcecode.swift; path = OverviewTitleCell.swift; sourceTree = "<group>"; };
		047DCA78230CB9D600AC614F /* EmptyCell.swift */ = {isa = PBXFileReference; lastKnownFileType = sourcecode.swift; path = EmptyCell.swift; sourceTree = "<group>"; };
		04B27FB22305A59C002CBCB4 /* ListViewController.swift */ = {isa = PBXFileReference; lastKnownFileType = sourcecode.swift; path = ListViewController.swift; sourceTree = "<group>"; };
		04B27FB42305A5B0002CBCB4 /* ListInteractor.swift */ = {isa = PBXFileReference; lastKnownFileType = sourcecode.swift; path = ListInteractor.swift; sourceTree = "<group>"; };
		04B27FB62305A5BD002CBCB4 /* ListPresenter.swift */ = {isa = PBXFileReference; lastKnownFileType = sourcecode.swift; path = ListPresenter.swift; sourceTree = "<group>"; };
		04B27FB82305A5C6002CBCB4 /* ListModels.swift */ = {isa = PBXFileReference; lastKnownFileType = sourcecode.swift; path = ListModels.swift; sourceTree = "<group>"; };
		04B27FBA2305A5D5002CBCB4 /* ListWorker.swift */ = {isa = PBXFileReference; lastKnownFileType = sourcecode.swift; path = ListWorker.swift; sourceTree = "<group>"; };
		04B27FBC2305A5E0002CBCB4 /* ListRouter.swift */ = {isa = PBXFileReference; lastKnownFileType = sourcecode.swift; path = ListRouter.swift; sourceTree = "<group>"; };
		04B27FBF2305A636002CBCB4 /* MovieDetailViewController.swift */ = {isa = PBXFileReference; lastKnownFileType = sourcecode.swift; path = MovieDetailViewController.swift; sourceTree = "<group>"; };
		04B27FC12305A649002CBCB4 /* MovieDetailInteractor.swift */ = {isa = PBXFileReference; lastKnownFileType = sourcecode.swift; path = MovieDetailInteractor.swift; sourceTree = "<group>"; };
		04B27FC32305A654002CBCB4 /* MovieDetailPresenter.swift */ = {isa = PBXFileReference; lastKnownFileType = sourcecode.swift; path = MovieDetailPresenter.swift; sourceTree = "<group>"; };
		04B27FC52305A65C002CBCB4 /* MovieDetailModels.swift */ = {isa = PBXFileReference; lastKnownFileType = sourcecode.swift; path = MovieDetailModels.swift; sourceTree = "<group>"; };
		04B27FC72305A66E002CBCB4 /* MovieDetailWorker.swift */ = {isa = PBXFileReference; lastKnownFileType = sourcecode.swift; path = MovieDetailWorker.swift; sourceTree = "<group>"; };
		04B27FC92305A678002CBCB4 /* MovieDetailRouter.swift */ = {isa = PBXFileReference; lastKnownFileType = sourcecode.swift; path = MovieDetailRouter.swift; sourceTree = "<group>"; };
		8020EFB7230C3AA800F749CD /* NowPlayingCollectionView.swift */ = {isa = PBXFileReference; lastKnownFileType = sourcecode.swift; path = NowPlayingCollectionView.swift; sourceTree = "<group>"; };
		802D388B230C460E0042B7E1 /* MoviesTableViewCellTypes.swift */ = {isa = PBXFileReference; lastKnownFileType = sourcecode.swift; path = MoviesTableViewCellTypes.swift; sourceTree = "<group>"; };
		802D388D230C80F80042B7E1 /* CollectionViewCell.swift */ = {isa = PBXFileReference; lastKnownFileType = sourcecode.swift; path = CollectionViewCell.swift; sourceTree = "<group>"; };
		80B78513230C404D005842A1 /* NowPlayingTextCell.swift */ = {isa = PBXFileReference; lastKnownFileType = sourcecode.swift; path = NowPlayingTextCell.swift; sourceTree = "<group>"; };
		80B78515230C407C005842A1 /* SeparatorCell.swift */ = {isa = PBXFileReference; lastKnownFileType = sourcecode.swift; path = SeparatorCell.swift; sourceTree = "<group>"; };
		80B78517230C4089005842A1 /* PopularMovieCell.swift */ = {isa = PBXFileReference; lastKnownFileType = sourcecode.swift; path = PopularMovieCell.swift; sourceTree = "<group>"; };
		80B78519230C40CB005842A1 /* PopularMovieTextCell.swift */ = {isa = PBXFileReference; lastKnownFileType = sourcecode.swift; path = PopularMovieTextCell.swift; sourceTree = "<group>"; };
/* End PBXFileReference section */

/* Begin PBXFrameworksBuildPhase section */
		04043B8623059F5200B19234 /* Frameworks */ = {
			isa = PBXFrameworksBuildPhase;
			buildActionMask = 2147483647;
			files = (
			);
			runOnlyForDeploymentPostprocessing = 0;
		};
		04043B9A23059F5300B19234 /* Frameworks */ = {
			isa = PBXFrameworksBuildPhase;
			buildActionMask = 2147483647;
			files = (
			);
			runOnlyForDeploymentPostprocessing = 0;
		};
/* End PBXFrameworksBuildPhase section */

/* Begin PBXGroup section */
		040174EC2305BB74001528AD /* Show All */ = {
			isa = PBXGroup;
			children = (
				040174ED2305BB83001528AD /* ShowAllViewController.swift */,
				040174EF2305BB8E001528AD /* ShowAllInteractor.swift */,
				040174F12305BB95001528AD /* ShowAllPresenter.swift */,
				040174F32305BB9F001528AD /* ShowAllModels.swift */,
				040174F52305BBA6001528AD /* ShowAllWorker.swift */,
				040174F72305BBAD001528AD /* ShowAllRouter.swift */,
			);
			path = "Show All";
			sourceTree = "<group>";
		};
		04043B8023059F5200B19234 = {
			isa = PBXGroup;
			children = (
				04043B8B23059F5200B19234 /* TheMovieDB */,
				04043BA023059F5300B19234 /* TheMovieDBTests */,
				04043B8A23059F5200B19234 /* Products */,
			);
			sourceTree = "<group>";
		};
		04043B8A23059F5200B19234 /* Products */ = {
			isa = PBXGroup;
			children = (
				04043B8923059F5200B19234 /* TheMovieDB.app */,
				04043B9D23059F5300B19234 /* TheMovieDBTests.xctest */,
			);
			name = Products;
			sourceTree = "<group>";
		};
		04043B8B23059F5200B19234 /* TheMovieDB */ = {
			isa = PBXGroup;
			children = (
				04B27FB02305A4F9002CBCB4 /* Scenes */,
				04043B8C23059F5200B19234 /* AppDelegate.swift */,
				04043B8E23059F5200B19234 /* ViewController.swift */,
				04043B9023059F5200B19234 /* Main.storyboard */,
				04043B9323059F5300B19234 /* Assets.xcassets */,
				04043B9523059F5300B19234 /* LaunchScreen.storyboard */,
				04043B9823059F5300B19234 /* Info.plist */,
				0446E4CC230715F100A839F5 /* JSONDecoder.swift */,
			);
			path = TheMovieDB;
			sourceTree = "<group>";
		};
		04043BA023059F5300B19234 /* TheMovieDBTests */ = {
			isa = PBXGroup;
			children = (
				04043BA123059F5300B19234 /* TheMovieDBTests.swift */,
				04043BA323059F5300B19234 /* Info.plist */,
			);
			path = TheMovieDBTests;
			sourceTree = "<group>";
		};
		047DCA71230C767300AC614F /* MovieDetailTableViewCells */ = {
			isa = PBXGroup;
			children = (
				047DCA72230C771200AC614F /* HeaderCell.swift */,
				047DCA74230C77DA00AC614F /* OverviewCell.swift */,
				047DCA76230C7EF300AC614F /* OverviewTitleCell.swift */,
				047DCA78230CB9D600AC614F /* EmptyCell.swift */,
			);
			path = MovieDetailTableViewCells;
			sourceTree = "<group>";
		};
		04B27FB02305A4F9002CBCB4 /* Scenes */ = {
			isa = PBXGroup;
			children = (
				040174EC2305BB74001528AD /* Show All */,
				04B27FBE2305A5F1002CBCB4 /* MovieDetail */,
				04B27FB12305A507002CBCB4 /* List */,
			);
			path = Scenes;
			sourceTree = "<group>";
		};
		04B27FB12305A507002CBCB4 /* List */ = {
			isa = PBXGroup;
			children = (
				80B78512230C402A005842A1 /* ListTableViewCells */,
				04B27FB22305A59C002CBCB4 /* ListViewController.swift */,
				04B27FB42305A5B0002CBCB4 /* ListInteractor.swift */,
				04B27FB62305A5BD002CBCB4 /* ListPresenter.swift */,
				04B27FB82305A5C6002CBCB4 /* ListModels.swift */,
				04B27FBA2305A5D5002CBCB4 /* ListWorker.swift */,
				04B27FBC2305A5E0002CBCB4 /* ListRouter.swift */,
				0446E4CE23072BC100A839F5 /* ListPopularMoviesWorker.swift */,
				0446E4D023072BFB00A839F5 /* ListNowPlayingWorker.swift */,
			);
			path = List;
			sourceTree = "<group>";
		};
		04B27FBE2305A5F1002CBCB4 /* MovieDetail */ = {
			isa = PBXGroup;
			children = (
				047DCA71230C767300AC614F /* MovieDetailTableViewCells */,
				04B27FBF2305A636002CBCB4 /* MovieDetailViewController.swift */,
				04B27FC12305A649002CBCB4 /* MovieDetailInteractor.swift */,
				04B27FC32305A654002CBCB4 /* MovieDetailPresenter.swift */,
				04B27FC52305A65C002CBCB4 /* MovieDetailModels.swift */,
				04B27FC72305A66E002CBCB4 /* MovieDetailWorker.swift */,
				04B27FC92305A678002CBCB4 /* MovieDetailRouter.swift */,
			);
			path = MovieDetail;
			sourceTree = "<group>";
		};
		80B78512230C402A005842A1 /* ListTableViewCells */ = {
			isa = PBXGroup;
			children = (
				80B78513230C404D005842A1 /* NowPlayingTextCell.swift */,
				8020EFB7230C3AA800F749CD /* NowPlayingCollectionView.swift */,
				80B78515230C407C005842A1 /* SeparatorCell.swift */,
				80B78519230C40CB005842A1 /* PopularMovieTextCell.swift */,
				80B78517230C4089005842A1 /* PopularMovieCell.swift */,
				802D388B230C460E0042B7E1 /* MoviesTableViewCellTypes.swift */,
				802D388D230C80F80042B7E1 /* CollectionViewCell.swift */,
			);
			path = ListTableViewCells;
			sourceTree = "<group>";
		};
/* End PBXGroup section */

/* Begin PBXNativeTarget section */
		04043B8823059F5200B19234 /* TheMovieDB */ = {
			isa = PBXNativeTarget;
			buildConfigurationList = 04043BA623059F5300B19234 /* Build configuration list for PBXNativeTarget "TheMovieDB" */;
			buildPhases = (
				04043B8523059F5200B19234 /* Sources */,
				04043B8623059F5200B19234 /* Frameworks */,
				04043B8723059F5200B19234 /* Resources */,
			);
			buildRules = (
			);
			dependencies = (
			);
			name = TheMovieDB;
			productName = TheMovieDB;
			productReference = 04043B8923059F5200B19234 /* TheMovieDB.app */;
			productType = "com.apple.product-type.application";
		};
		04043B9C23059F5300B19234 /* TheMovieDBTests */ = {
			isa = PBXNativeTarget;
			buildConfigurationList = 04043BA923059F5300B19234 /* Build configuration list for PBXNativeTarget "TheMovieDBTests" */;
			buildPhases = (
				04043B9923059F5300B19234 /* Sources */,
				04043B9A23059F5300B19234 /* Frameworks */,
				04043B9B23059F5300B19234 /* Resources */,
			);
			buildRules = (
			);
			dependencies = (
				04043B9F23059F5300B19234 /* PBXTargetDependency */,
			);
			name = TheMovieDBTests;
			productName = TheMovieDBTests;
			productReference = 04043B9D23059F5300B19234 /* TheMovieDBTests.xctest */;
			productType = "com.apple.product-type.bundle.unit-test";
		};
/* End PBXNativeTarget section */

/* Begin PBXProject section */
		04043B8123059F5200B19234 /* Project object */ = {
			isa = PBXProject;
			attributes = {
				LastSwiftUpdateCheck = 1030;
				LastUpgradeCheck = 1030;
				ORGANIZATIONNAME = "Rafael Ferreira";
				TargetAttributes = {
					04043B8823059F5200B19234 = {
						CreatedOnToolsVersion = 10.3;
					};
					04043B9C23059F5300B19234 = {
						CreatedOnToolsVersion = 10.3;
						TestTargetID = 04043B8823059F5200B19234;
					};
				};
			};
			buildConfigurationList = 04043B8423059F5200B19234 /* Build configuration list for PBXProject "TheMovieDB" */;
			compatibilityVersion = "Xcode 9.3";
			developmentRegion = en;
			hasScannedForEncodings = 0;
			knownRegions = (
				en,
				Base,
			);
			mainGroup = 04043B8023059F5200B19234;
			productRefGroup = 04043B8A23059F5200B19234 /* Products */;
			projectDirPath = "";
			projectRoot = "";
			targets = (
				04043B8823059F5200B19234 /* TheMovieDB */,
				04043B9C23059F5300B19234 /* TheMovieDBTests */,
			);
		};
/* End PBXProject section */

/* Begin PBXResourcesBuildPhase section */
		04043B8723059F5200B19234 /* Resources */ = {
			isa = PBXResourcesBuildPhase;
			buildActionMask = 2147483647;
			files = (
				04043B9723059F5300B19234 /* LaunchScreen.storyboard in Resources */,
				04043B9423059F5300B19234 /* Assets.xcassets in Resources */,
				04043B9223059F5200B19234 /* Main.storyboard in Resources */,
			);
			runOnlyForDeploymentPostprocessing = 0;
		};
		04043B9B23059F5300B19234 /* Resources */ = {
			isa = PBXResourcesBuildPhase;
			buildActionMask = 2147483647;
			files = (
			);
			runOnlyForDeploymentPostprocessing = 0;
		};
/* End PBXResourcesBuildPhase section */

/* Begin PBXSourcesBuildPhase section */
		04043B8523059F5200B19234 /* Sources */ = {
			isa = PBXSourcesBuildPhase;
			buildActionMask = 2147483647;
			files = (
				802D388C230C460E0042B7E1 /* MoviesTableViewCellTypes.swift in Sources */,
				80B78518230C4089005842A1 /* PopularMovieCell.swift in Sources */,
				0446E4CF23072BC100A839F5 /* ListPopularMoviesWorker.swift in Sources */,
				04B27FC22305A649002CBCB4 /* MovieDetailInteractor.swift in Sources */,
				04B27FBD2305A5E0002CBCB4 /* ListRouter.swift in Sources */,
				047DCA75230C77DA00AC614F /* OverviewCell.swift in Sources */,
				040174EE2305BB83001528AD /* ShowAllViewController.swift in Sources */,
				04B27FBB2305A5D5002CBCB4 /* ListWorker.swift in Sources */,
				04B27FB72305A5BD002CBCB4 /* ListPresenter.swift in Sources */,
				0446E4D123072BFB00A839F5 /* ListNowPlayingWorker.swift in Sources */,
				04043B8F23059F5200B19234 /* ViewController.swift in Sources */,
				047DCA77230C7EF300AC614F /* OverviewTitleCell.swift in Sources */,
				0446E4CD230715F100A839F5 /* JSONDecoder.swift in Sources */,
				04B27FC62305A65C002CBCB4 /* MovieDetailModels.swift in Sources */,
				040174F62305BBA6001528AD /* ShowAllWorker.swift in Sources */,
				040174F02305BB8E001528AD /* ShowAllInteractor.swift in Sources */,
				04043B8D23059F5200B19234 /* AppDelegate.swift in Sources */,
				047DCA79230CB9D600AC614F /* EmptyCell.swift in Sources */,
				04B27FB92305A5C6002CBCB4 /* ListModels.swift in Sources */,
				047DCA73230C771200AC614F /* HeaderCell.swift in Sources */,
				04B27FC42305A654002CBCB4 /* MovieDetailPresenter.swift in Sources */,
				80B78514230C404D005842A1 /* NowPlayingTextCell.swift in Sources */,
				04B27FB52305A5B0002CBCB4 /* ListInteractor.swift in Sources */,
				80B78516230C407C005842A1 /* SeparatorCell.swift in Sources */,
				802D388E230C80F80042B7E1 /* CollectionViewCell.swift in Sources */,
				040174F82305BBAD001528AD /* ShowAllRouter.swift in Sources */,
				040174F42305BB9F001528AD /* ShowAllModels.swift in Sources */,
				04B27FCA2305A678002CBCB4 /* MovieDetailRouter.swift in Sources */,
				04B27FC82305A66E002CBCB4 /* MovieDetailWorker.swift in Sources */,
				8020EFB8230C3AA800F749CD /* NowPlayingCollectionView.swift in Sources */,
				04B27FC02305A636002CBCB4 /* MovieDetailViewController.swift in Sources */,
				80B7851A230C40CB005842A1 /* PopularMovieTextCell.swift in Sources */,
				04B27FB32305A59C002CBCB4 /* ListViewController.swift in Sources */,
				040174F22305BB95001528AD /* ShowAllPresenter.swift in Sources */,
			);
			runOnlyForDeploymentPostprocessing = 0;
		};
		04043B9923059F5300B19234 /* Sources */ = {
			isa = PBXSourcesBuildPhase;
			buildActionMask = 2147483647;
			files = (
				04043BA223059F5300B19234 /* TheMovieDBTests.swift in Sources */,
			);
			runOnlyForDeploymentPostprocessing = 0;
		};
/* End PBXSourcesBuildPhase section */

/* Begin PBXTargetDependency section */
		04043B9F23059F5300B19234 /* PBXTargetDependency */ = {
			isa = PBXTargetDependency;
			target = 04043B8823059F5200B19234 /* TheMovieDB */;
			targetProxy = 04043B9E23059F5300B19234 /* PBXContainerItemProxy */;
		};
/* End PBXTargetDependency section */

/* Begin PBXVariantGroup section */
		04043B9023059F5200B19234 /* Main.storyboard */ = {
			isa = PBXVariantGroup;
			children = (
				04043B9123059F5200B19234 /* Base */,
			);
			name = Main.storyboard;
			sourceTree = "<group>";
		};
		04043B9523059F5300B19234 /* LaunchScreen.storyboard */ = {
			isa = PBXVariantGroup;
			children = (
				04043B9623059F5300B19234 /* Base */,
			);
			name = LaunchScreen.storyboard;
			sourceTree = "<group>";
		};
/* End PBXVariantGroup section */

/* Begin XCBuildConfiguration section */
		04043BA423059F5300B19234 /* Debug */ = {
			isa = XCBuildConfiguration;
			buildSettings = {
				ALWAYS_SEARCH_USER_PATHS = NO;
				CLANG_ANALYZER_NONNULL = YES;
				CLANG_ANALYZER_NUMBER_OBJECT_CONVERSION = YES_AGGRESSIVE;
				CLANG_CXX_LANGUAGE_STANDARD = "gnu++14";
				CLANG_CXX_LIBRARY = "libc++";
				CLANG_ENABLE_MODULES = YES;
				CLANG_ENABLE_OBJC_ARC = YES;
				CLANG_ENABLE_OBJC_WEAK = YES;
				CLANG_WARN_BLOCK_CAPTURE_AUTORELEASING = YES;
				CLANG_WARN_BOOL_CONVERSION = YES;
				CLANG_WARN_COMMA = YES;
				CLANG_WARN_CONSTANT_CONVERSION = YES;
				CLANG_WARN_DEPRECATED_OBJC_IMPLEMENTATIONS = YES;
				CLANG_WARN_DIRECT_OBJC_ISA_USAGE = YES_ERROR;
				CLANG_WARN_DOCUMENTATION_COMMENTS = YES;
				CLANG_WARN_EMPTY_BODY = YES;
				CLANG_WARN_ENUM_CONVERSION = YES;
				CLANG_WARN_INFINITE_RECURSION = YES;
				CLANG_WARN_INT_CONVERSION = YES;
				CLANG_WARN_NON_LITERAL_NULL_CONVERSION = YES;
				CLANG_WARN_OBJC_IMPLICIT_RETAIN_SELF = YES;
				CLANG_WARN_OBJC_LITERAL_CONVERSION = YES;
				CLANG_WARN_OBJC_ROOT_CLASS = YES_ERROR;
				CLANG_WARN_RANGE_LOOP_ANALYSIS = YES;
				CLANG_WARN_STRICT_PROTOTYPES = YES;
				CLANG_WARN_SUSPICIOUS_MOVE = YES;
				CLANG_WARN_UNGUARDED_AVAILABILITY = YES_AGGRESSIVE;
				CLANG_WARN_UNREACHABLE_CODE = YES;
				CLANG_WARN__DUPLICATE_METHOD_MATCH = YES;
				CODE_SIGN_IDENTITY = "iPhone Developer";
				COPY_PHASE_STRIP = NO;
				DEBUG_INFORMATION_FORMAT = dwarf;
				ENABLE_STRICT_OBJC_MSGSEND = YES;
				ENABLE_TESTABILITY = YES;
				GCC_C_LANGUAGE_STANDARD = gnu11;
				GCC_DYNAMIC_NO_PIC = NO;
				GCC_NO_COMMON_BLOCKS = YES;
				GCC_OPTIMIZATION_LEVEL = 0;
				GCC_PREPROCESSOR_DEFINITIONS = (
					"DEBUG=1",
					"$(inherited)",
				);
				GCC_WARN_64_TO_32_BIT_CONVERSION = YES;
				GCC_WARN_ABOUT_RETURN_TYPE = YES_ERROR;
				GCC_WARN_UNDECLARED_SELECTOR = YES;
				GCC_WARN_UNINITIALIZED_AUTOS = YES_AGGRESSIVE;
				GCC_WARN_UNUSED_FUNCTION = YES;
				GCC_WARN_UNUSED_VARIABLE = YES;
				IPHONEOS_DEPLOYMENT_TARGET = 12.4;
				MTL_ENABLE_DEBUG_INFO = INCLUDE_SOURCE;
				MTL_FAST_MATH = YES;
				ONLY_ACTIVE_ARCH = YES;
				SDKROOT = iphoneos;
				SWIFT_ACTIVE_COMPILATION_CONDITIONS = DEBUG;
				SWIFT_OPTIMIZATION_LEVEL = "-Onone";
			};
			name = Debug;
		};
		04043BA523059F5300B19234 /* Release */ = {
			isa = XCBuildConfiguration;
			buildSettings = {
				ALWAYS_SEARCH_USER_PATHS = NO;
				CLANG_ANALYZER_NONNULL = YES;
				CLANG_ANALYZER_NUMBER_OBJECT_CONVERSION = YES_AGGRESSIVE;
				CLANG_CXX_LANGUAGE_STANDARD = "gnu++14";
				CLANG_CXX_LIBRARY = "libc++";
				CLANG_ENABLE_MODULES = YES;
				CLANG_ENABLE_OBJC_ARC = YES;
				CLANG_ENABLE_OBJC_WEAK = YES;
				CLANG_WARN_BLOCK_CAPTURE_AUTORELEASING = YES;
				CLANG_WARN_BOOL_CONVERSION = YES;
				CLANG_WARN_COMMA = YES;
				CLANG_WARN_CONSTANT_CONVERSION = YES;
				CLANG_WARN_DEPRECATED_OBJC_IMPLEMENTATIONS = YES;
				CLANG_WARN_DIRECT_OBJC_ISA_USAGE = YES_ERROR;
				CLANG_WARN_DOCUMENTATION_COMMENTS = YES;
				CLANG_WARN_EMPTY_BODY = YES;
				CLANG_WARN_ENUM_CONVERSION = YES;
				CLANG_WARN_INFINITE_RECURSION = YES;
				CLANG_WARN_INT_CONVERSION = YES;
				CLANG_WARN_NON_LITERAL_NULL_CONVERSION = YES;
				CLANG_WARN_OBJC_IMPLICIT_RETAIN_SELF = YES;
				CLANG_WARN_OBJC_LITERAL_CONVERSION = YES;
				CLANG_WARN_OBJC_ROOT_CLASS = YES_ERROR;
				CLANG_WARN_RANGE_LOOP_ANALYSIS = YES;
				CLANG_WARN_STRICT_PROTOTYPES = YES;
				CLANG_WARN_SUSPICIOUS_MOVE = YES;
				CLANG_WARN_UNGUARDED_AVAILABILITY = YES_AGGRESSIVE;
				CLANG_WARN_UNREACHABLE_CODE = YES;
				CLANG_WARN__DUPLICATE_METHOD_MATCH = YES;
				CODE_SIGN_IDENTITY = "iPhone Developer";
				COPY_PHASE_STRIP = NO;
				DEBUG_INFORMATION_FORMAT = "dwarf-with-dsym";
				ENABLE_NS_ASSERTIONS = NO;
				ENABLE_STRICT_OBJC_MSGSEND = YES;
				GCC_C_LANGUAGE_STANDARD = gnu11;
				GCC_NO_COMMON_BLOCKS = YES;
				GCC_WARN_64_TO_32_BIT_CONVERSION = YES;
				GCC_WARN_ABOUT_RETURN_TYPE = YES_ERROR;
				GCC_WARN_UNDECLARED_SELECTOR = YES;
				GCC_WARN_UNINITIALIZED_AUTOS = YES_AGGRESSIVE;
				GCC_WARN_UNUSED_FUNCTION = YES;
				GCC_WARN_UNUSED_VARIABLE = YES;
				IPHONEOS_DEPLOYMENT_TARGET = 12.4;
				MTL_ENABLE_DEBUG_INFO = NO;
				MTL_FAST_MATH = YES;
				SDKROOT = iphoneos;
				SWIFT_COMPILATION_MODE = wholemodule;
				SWIFT_OPTIMIZATION_LEVEL = "-O";
				VALIDATE_PRODUCT = YES;
			};
			name = Release;
		};
		04043BA723059F5300B19234 /* Debug */ = {
			isa = XCBuildConfiguration;
			buildSettings = {
				ASSETCATALOG_COMPILER_APPICON_NAME = AppIcon;
				CODE_SIGN_STYLE = Automatic;
				DEVELOPMENT_TEAM = M36T693Y9P;
				INFOPLIST_FILE = TheMovieDB/Info.plist;
				LD_RUNPATH_SEARCH_PATHS = (
					"$(inherited)",
					"@executable_path/Frameworks",
				);
				PRODUCT_BUNDLE_IDENTIFIER = rff.TheMovieDB;
				PRODUCT_NAME = "$(TARGET_NAME)";
				SWIFT_VERSION = 5.0;
				TARGETED_DEVICE_FAMILY = "1,2";
			};
			name = Debug;
		};
		04043BA823059F5300B19234 /* Release */ = {
			isa = XCBuildConfiguration;
			buildSettings = {
				ASSETCATALOG_COMPILER_APPICON_NAME = AppIcon;
				CODE_SIGN_STYLE = Automatic;
				DEVELOPMENT_TEAM = M36T693Y9P;
				INFOPLIST_FILE = TheMovieDB/Info.plist;
				LD_RUNPATH_SEARCH_PATHS = (
					"$(inherited)",
					"@executable_path/Frameworks",
				);
				PRODUCT_BUNDLE_IDENTIFIER = rff.TheMovieDB;
				PRODUCT_NAME = "$(TARGET_NAME)";
				SWIFT_VERSION = 5.0;
				TARGETED_DEVICE_FAMILY = "1,2";
			};
			name = Release;
		};
		04043BAA23059F5300B19234 /* Debug */ = {
			isa = XCBuildConfiguration;
			buildSettings = {
				ALWAYS_EMBED_SWIFT_STANDARD_LIBRARIES = YES;
				BUNDLE_LOADER = "$(TEST_HOST)";
				CODE_SIGN_STYLE = Automatic;
				DEVELOPMENT_TEAM = M36T693Y9P;
				INFOPLIST_FILE = TheMovieDBTests/Info.plist;
				LD_RUNPATH_SEARCH_PATHS = (
					"$(inherited)",
					"@executable_path/Frameworks",
					"@loader_path/Frameworks",
				);
				PRODUCT_BUNDLE_IDENTIFIER = rff.TheMovieDBTests;
				PRODUCT_NAME = "$(TARGET_NAME)";
				SWIFT_VERSION = 5.0;
				TARGETED_DEVICE_FAMILY = "1,2";
				TEST_HOST = "$(BUILT_PRODUCTS_DIR)/TheMovieDB.app/TheMovieDB";
			};
			name = Debug;
		};
		04043BAB23059F5300B19234 /* Release */ = {
			isa = XCBuildConfiguration;
			buildSettings = {
				ALWAYS_EMBED_SWIFT_STANDARD_LIBRARIES = YES;
				BUNDLE_LOADER = "$(TEST_HOST)";
				CODE_SIGN_STYLE = Automatic;
				DEVELOPMENT_TEAM = M36T693Y9P;
				INFOPLIST_FILE = TheMovieDBTests/Info.plist;
				LD_RUNPATH_SEARCH_PATHS = (
					"$(inherited)",
					"@executable_path/Frameworks",
					"@loader_path/Frameworks",
				);
				PRODUCT_BUNDLE_IDENTIFIER = rff.TheMovieDBTests;
				PRODUCT_NAME = "$(TARGET_NAME)";
				SWIFT_VERSION = 5.0;
				TARGETED_DEVICE_FAMILY = "1,2";
				TEST_HOST = "$(BUILT_PRODUCTS_DIR)/TheMovieDB.app/TheMovieDB";
			};
			name = Release;
		};
/* End XCBuildConfiguration section */

/* Begin XCConfigurationList section */
		04043B8423059F5200B19234 /* Build configuration list for PBXProject "TheMovieDB" */ = {
			isa = XCConfigurationList;
			buildConfigurations = (
				04043BA423059F5300B19234 /* Debug */,
				04043BA523059F5300B19234 /* Release */,
			);
			defaultConfigurationIsVisible = 0;
			defaultConfigurationName = Release;
		};
		04043BA623059F5300B19234 /* Build configuration list for PBXNativeTarget "TheMovieDB" */ = {
			isa = XCConfigurationList;
			buildConfigurations = (
				04043BA723059F5300B19234 /* Debug */,
				04043BA823059F5300B19234 /* Release */,
			);
			defaultConfigurationIsVisible = 0;
			defaultConfigurationName = Release;
		};
		04043BA923059F5300B19234 /* Build configuration list for PBXNativeTarget "TheMovieDBTests" */ = {
			isa = XCConfigurationList;
			buildConfigurations = (
				04043BAA23059F5300B19234 /* Debug */,
				04043BAB23059F5300B19234 /* Release */,
			);
			defaultConfigurationIsVisible = 0;
			defaultConfigurationName = Release;
		};
/* End XCConfigurationList section */
	};
	rootObject = 04043B8123059F5200B19234 /* Project object */;
}
